<?xml version="1.0" encoding="utf-8"?>
<Project ToolsVersion="4.0" xmlns="http://schemas.microsoft.com/developer/msbuild/2003">
  <ItemGroup>
    <ClCompile Include="debug_draw_manager.cpp" />
    <ClCompile Include="register_types.cpp" />
    <ClCompile Include="thirdparty\tracy\public\TracyClient.cpp">
      <Filter>thirdparty\tracy\public</Filter>
    </ClCompile>
    <ClCompile Include="gen\editor_resources.gen.cpp">
      <Filter>gen</Filter>
    </ClCompile>
    <ClCompile Include="gen\shared_resources.gen.cpp">
      <Filter>gen</Filter>
    </ClCompile>
    <ClCompile Include="editor\asset_library_update_checker.cpp">
      <Filter>editor</Filter>
    </ClCompile>
    <ClCompile Include="editor\editor_menu_extensions.cpp">
      <Filter>editor</Filter>
    </ClCompile>
    <ClCompile Include="editor\generate_csharp_bindings.cpp">
      <Filter>editor</Filter>
    </ClCompile>
    <ClCompile Include="3d\config_scoped_3d.cpp">
      <Filter>3d</Filter>
    </ClCompile>
    <ClCompile Include="3d\debug_draw_3d.cpp">
      <Filter>3d</Filter>
    </ClCompile>
    <ClCompile Include="3d\config_3d.cpp">
      <Filter>3d</Filter>
    </ClCompile>
    <ClCompile Include="3d\debug_geometry_container.cpp">
      <Filter>3d</Filter>
    </ClCompile>
    <ClCompile Include="3d\stats_3d.cpp">
      <Filter>3d</Filter>
    </ClCompile>
    <ClCompile Include="3d\geometry_generators.cpp">
      <Filter>3d</Filter>
    </ClCompile>
    <ClCompile Include="3d\render_instances.cpp">
      <Filter>3d</Filter>
    </ClCompile>
    <ClCompile Include="utils\math_utils.cpp">
      <Filter>utils</Filter>
    </ClCompile>
    <ClCompile Include="utils\utils.cpp">
      <Filter>utils</Filter>
    </ClCompile>
    <ClCompile Include="2d\graphs.cpp">
      <Filter>2d</Filter>
    </ClCompile>
    <ClCompile Include="2d\debug_draw_2d.cpp">
      <Filter>2d</Filter>
    </ClCompile>
    <ClCompile Include="2d\config_2d.cpp">
      <Filter>2d</Filter>
    </ClCompile>
    <ClCompile Include="2d\stats_2d.cpp">
      <Filter>2d</Filter>
    </ClCompile>
    <ClCompile Include="2d\grouped_text.cpp">
      <Filter>2d</Filter>
    </ClCompile>
    <ClCompile Include="common\colors.cpp">
      <Filter>common</Filter>
    </ClCompile>
  </ItemGroup>
  <ItemGroup>
    <ClInclude Include="debug_draw_manager.h" />
    <ClInclude Include="version.h" />
    <ClInclude Include="thirdparty\tracy\public\tracy\Tracy.hpp">
      <Filter>thirdparty\tracy\public\tracy</Filter>
    </ClInclude>
    <ClInclude Include="gen\editor_resources.gen.h">
      <Filter>gen</Filter>
    </ClInclude>
    <ClInclude Include="gen\shared_resources.gen.h">
      <Filter>gen</Filter>
    </ClInclude>
    <ClInclude Include="editor\asset_library_update_checker.h">
      <Filter>editor</Filter>
    </ClInclude>
    <ClInclude Include="editor\editor_menu_extensions.h">
      <Filter>editor</Filter>
    </ClInclude>
    <ClInclude Include="editor\generate_csharp_bindings.h">
      <Filter>editor</Filter>
    </ClInclude>
    <ClInclude Include="3d\config_scoped_3d.h">
      <Filter>3d</Filter>
    </ClInclude>
    <ClInclude Include="3d\debug_draw_3d.h">
      <Filter>3d</Filter>
    </ClInclude>
    <ClInclude Include="3d\config_3d.h">
      <Filter>3d</Filter>
    </ClInclude>
    <ClInclude Include="3d\debug_geometry_container.h">
      <Filter>3d</Filter>
    </ClInclude>
    <ClInclude Include="3d\stats_3d.h">
      <Filter>3d</Filter>
    </ClInclude>
    <ClInclude Include="3d\geometry_generators.h">
      <Filter>3d</Filter>
    </ClInclude>
    <ClInclude Include="3d\render_instances.h">
      <Filter>3d</Filter>
    </ClInclude>
    <ClInclude Include="utils\math_utils.h">
      <Filter>utils</Filter>
    </ClInclude>
    <ClInclude Include="utils\utils.h">
      <Filter>utils</Filter>
    </ClInclude>
    <ClInclude Include="utils\compiler.h">
      <Filter>utils</Filter>
    </ClInclude>
    <ClInclude Include="2d\graphs.h">
      <Filter>2d</Filter>
    </ClInclude>
    <ClInclude Include="2d\debug_draw_2d.h">
      <Filter>2d</Filter>
    </ClInclude>
    <ClInclude Include="2d\config_2d.h">
      <Filter>2d</Filter>
    </ClInclude>
    <ClInclude Include="2d\stats_2d.h">
      <Filter>2d</Filter>
    </ClInclude>
    <ClInclude Include="2d\grouped_text.h">
      <Filter>2d</Filter>
    </ClInclude>
    <ClInclude Include="common\circular_buffer.h">
      <Filter>common</Filter>
    </ClInclude>
    <ClInclude Include="common\colors.h">
      <Filter>common</Filter>
    </ClInclude>
    <ClInclude Include="common\i_scoped_storage.h">
      <Filter>common</Filter>
    </ClInclude>
    <ClInclude Include="utils\profiler.h">
      <Filter>utils</Filter>
    </ClInclude>
  </ItemGroup>
  <ItemGroup>
    <Natvis Include="debug_strings.natvis" />
  </ItemGroup>
  <ItemGroup>
    <None Include="default_sources.json" />
  </ItemGroup>
  <ItemGroup>
    <Filter Include="thirdparty">
      <UniqueIdentifier>{be5e6784-a46a-4bae-afb6-287146379d42}</UniqueIdentifier>
    </Filter>
    <Filter Include="thirdparty\tracy">
      <UniqueIdentifier>{079c0148-41ca-455a-a871-8ed13afaa735}</UniqueIdentifier>
    </Filter>
    <Filter Include="thirdparty\tracy\public">
      <UniqueIdentifier>{3b56fa1f-a0c7-4a5f-971b-cf67a73c88af}</UniqueIdentifier>
    </Filter>
    <Filter Include="thirdparty\tracy\public\tracy">
      <UniqueIdentifier>{fc97df7a-4021-4252-ad7b-70a6ca379616}</UniqueIdentifier>
    </Filter>
    <Filter Include="gen">
      <UniqueIdentifier>{8145331d-3741-4718-8d54-2c74e1e53090}</UniqueIdentifier>
    </Filter>
    <Filter Include="editor">
      <UniqueIdentifier>{db54c157-e733-4466-bda5-2a6d99047c4d}</UniqueIdentifier>
    </Filter>
    <Filter Include="3d">
      <UniqueIdentifier>{b9e0e87e-86a6-4094-982f-9f1fc88e0f72}</UniqueIdentifier>
    </Filter>
    <Filter Include="utils">
      <UniqueIdentifier>{50d7f8ac-d649-407c-a605-d7d11e4358dd}</UniqueIdentifier>
    </Filter>
    <Filter Include="2d">
      <UniqueIdentifier>{92aa6682-7c30-4679-967d-cf0ee2aa9004}</UniqueIdentifier>
    </Filter>
    <Filter Include="common">
      <UniqueIdentifier>{669993b2-daab-4a2d-ba8e-e07eec66356c}</UniqueIdentifier>
    </Filter>
  </ItemGroup>
</Project>