<?xml version="1.0" encoding="utf-8"?>
<Project ToolsVersion="4.0" xmlns="http://schemas.microsoft.com/developer/msbuild/2003">
  <ItemGroup>
    <ClCompile Include="debug_draw_manager.cpp" />
    <ClCompile Include="register_types.cpp" />
    <ClCompile Include="native_api\templates\c_api.cpp">
      <Filter>native_api\templates</Filter>
    </ClCompile>
    <ClCompile Include="gen\c_api.gen.cpp">
      <Filter>gen</Filter>
    </ClCompile>
    <ClCompile Include="api\c_api.cpp">
      <Filter>api</Filter>
    </ClCompile>
    <ClCompile Include="3d\config_scope_3d.cpp">
      <Filter>3d</Filter>
    </ClCompile>
    <ClCompile Include="3d\debug_draw_3d.cpp">
      <Filter>3d</Filter>
    </ClCompile>
    <ClCompile Include="3d\config_3d.cpp">
      <Filter>3d</Filter>
    </ClCompile>
    <ClCompile Include="3d\debug_geometry_container.cpp">
      <Filter>3d</Filter>
    </ClCompile>
    <ClCompile Include="3d\stats_3d.cpp">
      <Filter>3d</Filter>
    </ClCompile>
    <ClCompile Include="3d\geometry_generators.cpp">
      <Filter>3d</Filter>
    </ClCompile>
    <ClCompile Include="3d\render_instances.cpp">
      <Filter>3d</Filter>
    </ClCompile>
    <ClCompile Include="thirdparty\tracy\public\TracyClient.cpp">
      <Filter>thirdparty\tracy\public</Filter>
    </ClCompile>
    <ClCompile Include="gen\editor_resources.gen.cpp">
      <Filter>gen</Filter>
    </ClCompile>
    <ClCompile Include="gen\shared_resources.gen.cpp">
      <Filter>gen</Filter>
    </ClCompile>
    <ClCompile Include="editor\asset_library_update_checker.cpp">
      <Filter>editor</Filter>
    </ClCompile>
    <ClCompile Include="editor\editor_menu_extensions.cpp">
      <Filter>editor</Filter>
    </ClCompile>
    <ClCompile Include="editor\generate_csharp_bindings.cpp">
      <Filter>editor</Filter>
    </ClCompile>
    <ClCompile Include="utils\math_utils.cpp">
      <Filter>utils</Filter>
    </ClCompile>
    <ClCompile Include="utils\utils.cpp">
      <Filter>utils</Filter>
    </ClCompile>
    <ClCompile Include="2d\graphs.cpp">
      <Filter>2d</Filter>
    </ClCompile>
    <ClCompile Include="2d\debug_draw_2d.cpp">
      <Filter>2d</Filter>
    </ClCompile>
    <ClCompile Include="2d\config_2d.cpp">
      <Filter>2d</Filter>
    </ClCompile>
    <ClCompile Include="2d\stats_2d.cpp">
      <Filter>2d</Filter>
    </ClCompile>
    <ClCompile Include="2d\grouped_text.cpp">
      <Filter>2d</Filter>
    </ClCompile>
    <ClCompile Include="common\colors.cpp">
      <Filter>common</Filter>
    </ClCompile>
  </ItemGroup>
  <ItemGroup>
    <ClInclude Include="debug_draw_manager.h" />
    <ClInclude Include="version.h" />
    <ClInclude Include="native_api\templates\cpp\dd3d_cpp_api.hpp">
      <Filter>native_api\templates\cpp</Filter>
    </ClInclude>
    <ClInclude Include="native_api\c_api.h">
      <Filter>native_api</Filter>
    </ClInclude>
    <ClInclude Include="native_api\c_api_shared.hpp">
      <Filter>native_api</Filter>
    </ClInclude>
    <ClInclude Include="utils\native_api_hooks.h">
      <Filter>utils</Filter>
    </ClInclude>
    <ClInclude Include="api\c_api.h">
      <Filter>api</Filter>
    </ClInclude>
    <ClInclude Include="api\include\c_api_shared.h">
      <Filter>api\include</Filter>
    </ClInclude>
    <ClInclude Include="api\include\dd3d_cpp_api.h">
      <Filter>api\include</Filter>
    </ClInclude>
    <ClInclude Include="3d\config_scope_3d.h">
      <Filter>3d</Filter>
    </ClInclude>
    <ClInclude Include="3d\debug_draw_3d.h">
      <Filter>3d</Filter>
    </ClInclude>
    <ClInclude Include="3d\config_3d.h">
      <Filter>3d</Filter>
    </ClInclude>
    <ClInclude Include="3d\debug_geometry_container.h">
      <Filter>3d</Filter>
    </ClInclude>
    <ClInclude Include="3d\render_instances_enums.h">
      <Filter>3d</Filter>
    </ClInclude>
    <ClInclude Include="3d\stats_3d.h">
      <Filter>3d</Filter>
    </ClInclude>
    <ClInclude Include="3d\geometry_generators.h">
      <Filter>3d</Filter>
    </ClInclude>
    <ClInclude Include="3d\render_instances.h">
      <Filter>3d</Filter>
    </ClInclude>
    <ClInclude Include="thirdparty\tracy\public\tracy\Tracy.hpp">
      <Filter>thirdparty\tracy\public\tracy</Filter>
    </ClInclude>
    <ClInclude Include="gen\editor_resources.gen.h">
      <Filter>gen</Filter>
    </ClInclude>
    <ClInclude Include="gen\shared_resources.gen.h">
      <Filter>gen</Filter>
    </ClInclude>
    <ClInclude Include="editor\asset_library_update_checker.h">
      <Filter>editor</Filter>
    </ClInclude>
    <ClInclude Include="editor\editor_menu_extensions.h">
      <Filter>editor</Filter>
    </ClInclude>
    <ClInclude Include="editor\generate_csharp_bindings.h">
      <Filter>editor</Filter>
    </ClInclude>
    <ClInclude Include="utils\math_utils.h">
      <Filter>utils</Filter>
    </ClInclude>
    <ClInclude Include="utils\profiler.h">
      <Filter>utils</Filter>
    </ClInclude>
    <ClInclude Include="utils\utils.h">
      <Filter>utils</Filter>
    </ClInclude>
    <ClInclude Include="utils\compiler.h">
      <Filter>utils</Filter>
    </ClInclude>
    <ClInclude Include="2d\graphs.h">
      <Filter>2d</Filter>
    </ClInclude>
    <ClInclude Include="2d\debug_draw_2d.h">
      <Filter>2d</Filter>
    </ClInclude>
    <ClInclude Include="2d\config_2d.h">
      <Filter>2d</Filter>
    </ClInclude>
    <ClInclude Include="2d\stats_2d.h">
      <Filter>2d</Filter>
    </ClInclude>
    <ClInclude Include="2d\grouped_text.h">
      <Filter>2d</Filter>
    </ClInclude>
    <ClInclude Include="common\circular_buffer.h">
      <Filter>common</Filter>
    </ClInclude>
    <ClInclude Include="common\colors.h">
      <Filter>common</Filter>
    </ClInclude>
    <ClInclude Include="common\i_scope_storage.h">
      <Filter>common</Filter>
    </ClInclude>
  </ItemGroup>
  <ItemGroup>
    <None Include="cpp.hint" />
    <None Include="default_sources.json" />
    <None Include="3d\cpp.hint">
      <Filter>3d</Filter>
    </None>
  </ItemGroup>
  <ItemGroup>
    <Natvis Include="debug_strings.natvis" />
  </ItemGroup>
  <ItemGroup>
    <Filter Include="native_api">
      <UniqueIdentifier>{917a8820-60a1-402e-b9e7-0d81071a57e8}</UniqueIdentifier>
    </Filter>
    <Filter Include="native_api\templates">
      <UniqueIdentifier>{145c26c3-c203-4140-8600-06d2e400c369}</UniqueIdentifier>
    </Filter>
    <Filter Include="native_api\templates\cpp">
      <UniqueIdentifier>{42c60729-b118-40ec-9df5-30baf501832f}</UniqueIdentifier>
    </Filter>
    <Filter Include="utils">
      <UniqueIdentifier>{7eb6901f-bd2f-4c40-8ea7-36dffcd0be19}</UniqueIdentifier>
    </Filter>
    <Filter Include="gen">
      <UniqueIdentifier>{12c255c5-929d-4f42-9490-22e24b7d82fa}</UniqueIdentifier>
    </Filter>
    <Filter Include="api">
      <UniqueIdentifier>{634b244b-9c1f-42b5-acde-865e3bc48cf3}</UniqueIdentifier>
    </Filter>
    <Filter Include="api\include">
      <UniqueIdentifier>{6b40455a-2e43-4a24-8177-12b9c0b21ad3}</UniqueIdentifier>
    </Filter>
    <Filter Include="3d">
      <UniqueIdentifier>{e62fad78-57a4-4474-8cbe-a6fb97bace81}</UniqueIdentifier>
    </Filter>
    <Filter Include="thirdparty">
      <UniqueIdentifier>{a2ab5e41-2d2f-4572-a6f9-46608aed1ff8}</UniqueIdentifier>
    </Filter>
    <Filter Include="thirdparty\tracy">
      <UniqueIdentifier>{163c4db9-09af-4c6f-903a-74a5c7625032}</UniqueIdentifier>
    </Filter>
    <Filter Include="thirdparty\tracy\public">
      <UniqueIdentifier>{6e148e21-a733-46b0-83e6-1e192e622c80}</UniqueIdentifier>
    </Filter>
    <Filter Include="thirdparty\tracy\public\tracy">
      <UniqueIdentifier>{fe15911b-7dc5-48db-bb5f-b48b06e26665}</UniqueIdentifier>
    </Filter>
    <Filter Include="editor">
      <UniqueIdentifier>{7ded5941-d938-4e5a-b283-e6a86b3130c4}</UniqueIdentifier>
    </Filter>
    <Filter Include="2d">
      <UniqueIdentifier>{8e668da9-2096-44d2-882e-5d32eef81630}</UniqueIdentifier>
    </Filter>
    <Filter Include="common">
      <UniqueIdentifier>{c1529992-b9f2-4d8f-947d-60ceb423e7a6}</UniqueIdentifier>
    </Filter>
  </ItemGroup>
</Project>