<?xml version="1.0" encoding="utf-8"?>
<Project ToolsVersion="4.0" xmlns="http://schemas.microsoft.com/developer/msbuild/2003">
  <ItemGroup>
    <ClCompile Include="debug_draw_manager.cpp" />
    <ClCompile Include="register_types.cpp" />
    <ClCompile Include="3d\config_scope_3d.cpp">
      <Filter>3d</Filter>
    </ClCompile>
    <ClCompile Include="thirdparty\tracy\public\TracyClient.cpp">
      <Filter>thirdparty\tracy\public</Filter>
    </ClCompile>
    <ClCompile Include="gen\editor_resources.gen.cpp">
      <Filter>gen</Filter>
    </ClCompile>
    <ClCompile Include="gen\shared_resources.gen.cpp">
      <Filter>gen</Filter>
    </ClCompile>
    <ClCompile Include="editor\asset_library_update_checker.cpp">
      <Filter>editor</Filter>
    </ClCompile>
    <ClCompile Include="editor\editor_menu_extensions.cpp">
      <Filter>editor</Filter>
    </ClCompile>
    <ClCompile Include="editor\generate_csharp_bindings.cpp">
      <Filter>editor</Filter>
    </ClCompile>
    <ClCompile Include="3d\debug_draw_3d.cpp">
      <Filter>3d</Filter>
    </ClCompile>
    <ClCompile Include="3d\config_3d.cpp">
      <Filter>3d</Filter>
    </ClCompile>
    <ClCompile Include="3d\debug_geometry_container.cpp">
      <Filter>3d</Filter>
    </ClCompile>
    <ClCompile Include="3d\stats_3d.cpp">
      <Filter>3d</Filter>
    </ClCompile>
    <ClCompile Include="3d\geometry_generators.cpp">
      <Filter>3d</Filter>
    </ClCompile>
    <ClCompile Include="3d\render_instances.cpp">
      <Filter>3d</Filter>
    </ClCompile>
    <ClCompile Include="utils\math_utils.cpp">
      <Filter>utils</Filter>
    </ClCompile>
    <ClCompile Include="utils\utils.cpp">
      <Filter>utils</Filter>
    </ClCompile>
    <ClCompile Include="2d\graphs.cpp">
      <Filter>2d</Filter>
    </ClCompile>
    <ClCompile Include="2d\debug_draw_2d.cpp">
      <Filter>2d</Filter>
    </ClCompile>
    <ClCompile Include="2d\config_2d.cpp">
      <Filter>2d</Filter>
    </ClCompile>
    <ClCompile Include="2d\stats_2d.cpp">
      <Filter>2d</Filter>
    </ClCompile>
    <ClCompile Include="2d\grouped_text.cpp">
      <Filter>2d</Filter>
    </ClCompile>
    <ClCompile Include="common\colors.cpp">
      <Filter>common</Filter>
    </ClCompile>
  </ItemGroup>
  <ItemGroup>
    <ClInclude Include="debug_draw_manager.h" />
    <ClInclude Include="version.h" />
    <ClInclude Include="3d\config_scope_3d.h">
      <Filter>3d</Filter>
    </ClInclude>
    <ClInclude Include="thirdparty\tracy\public\tracy\Tracy.hpp">
      <Filter>thirdparty\tracy\public\tracy</Filter>
    </ClInclude>
    <ClInclude Include="gen\editor_resources.gen.h">
      <Filter>gen</Filter>
    </ClInclude>
    <ClInclude Include="gen\shared_resources.gen.h">
      <Filter>gen</Filter>
    </ClInclude>
    <ClInclude Include="editor\asset_library_update_checker.h">
      <Filter>editor</Filter>
    </ClInclude>
    <ClInclude Include="editor\editor_menu_extensions.h">
      <Filter>editor</Filter>
    </ClInclude>
    <ClInclude Include="editor\generate_csharp_bindings.h">
      <Filter>editor</Filter>
    </ClInclude>
    <ClInclude Include="3d\debug_draw_3d.h">
      <Filter>3d</Filter>
    </ClInclude>
    <ClInclude Include="3d\config_3d.h">
      <Filter>3d</Filter>
    </ClInclude>
    <ClInclude Include="3d\debug_geometry_container.h">
      <Filter>3d</Filter>
    </ClInclude>
    <ClInclude Include="3d\stats_3d.h">
      <Filter>3d</Filter>
    </ClInclude>
    <ClInclude Include="3d\geometry_generators.h">
      <Filter>3d</Filter>
    </ClInclude>
    <ClInclude Include="3d\render_instances.h">
      <Filter>3d</Filter>
    </ClInclude>
    <ClInclude Include="utils\math_utils.h">
      <Filter>utils</Filter>
    </ClInclude>
    <ClInclude Include="utils\profiler.h">
      <Filter>utils</Filter>
    </ClInclude>
    <ClInclude Include="utils\utils.h">
      <Filter>utils</Filter>
    </ClInclude>
    <ClInclude Include="utils\compiler.h">
      <Filter>utils</Filter>
    </ClInclude>
    <ClInclude Include="2d\graphs.h">
      <Filter>2d</Filter>
    </ClInclude>
    <ClInclude Include="2d\debug_draw_2d.h">
      <Filter>2d</Filter>
    </ClInclude>
    <ClInclude Include="2d\config_2d.h">
      <Filter>2d</Filter>
    </ClInclude>
    <ClInclude Include="2d\stats_2d.h">
      <Filter>2d</Filter>
    </ClInclude>
    <ClInclude Include="2d\grouped_text.h">
      <Filter>2d</Filter>
    </ClInclude>
    <ClInclude Include="common\circular_buffer.h">
      <Filter>common</Filter>
    </ClInclude>
    <ClInclude Include="common\colors.h">
      <Filter>common</Filter>
    </ClInclude>
    <ClInclude Include="common\i_scope_storage.h">
      <Filter>common</Filter>
    </ClInclude>
  </ItemGroup>
  <ItemGroup>
    <Natvis Include="debug_strings.natvis" />
  </ItemGroup>
  <ItemGroup>
    <None Include="default_sources.json" />
  </ItemGroup>
  <ItemGroup>
    <Filter Include="3d">
      <UniqueIdentifier>{41bf4d2b-e2a7-4109-bad0-948fa34741d5}</UniqueIdentifier>
    </Filter>
    <Filter Include="thirdparty">
      <UniqueIdentifier>{d2dca650-da5d-42d5-a533-a4cb3529c4e2}</UniqueIdentifier>
    </Filter>
    <Filter Include="thirdparty\tracy">
      <UniqueIdentifier>{efda6ef3-f051-4442-bc2f-6c63cca454d2}</UniqueIdentifier>
    </Filter>
    <Filter Include="thirdparty\tracy\public">
      <UniqueIdentifier>{bc54e771-22f9-483b-a35c-5a48ee64eb21}</UniqueIdentifier>
    </Filter>
    <Filter Include="thirdparty\tracy\public\tracy">
      <UniqueIdentifier>{36333054-a1bd-4649-9207-8d8bce0b984a}</UniqueIdentifier>
    </Filter>
    <Filter Include="gen">
      <UniqueIdentifier>{aea0059b-e5e1-4da7-aeb4-ac472710074d}</UniqueIdentifier>
    </Filter>
    <Filter Include="editor">
      <UniqueIdentifier>{10105c02-b1e0-40f4-9047-8ae4a2fa42f6}</UniqueIdentifier>
    </Filter>
    <Filter Include="utils">
      <UniqueIdentifier>{3404b05e-f966-44bc-af61-f57bc56b8a05}</UniqueIdentifier>
    </Filter>
    <Filter Include="2d">
      <UniqueIdentifier>{965d83d6-bdd9-46a6-8730-dff1da56df4b}</UniqueIdentifier>
    </Filter>
    <Filter Include="common">
      <UniqueIdentifier>{7d8a069a-6586-404e-94cb-6d3870d25eb5}</UniqueIdentifier>
    </Filter>
  </ItemGroup>
</Project>